
Microsoft Visual Studio Solution File, Format Version 12.00
# Visual Studio Version 17
VisualStudioVersion = 17.14.36705.20 d17.14
MinimumVisualStudioVersion = 10.0.40219.1
Project("{FAE04EC0-301F-11D3-BF4B-00C04F79EFBC}") = "Zadanie3", "Zadanie3\Zadanie3.csproj", "{A7E415AE-DE1A-44B6-AA0E-E94EED832C36}"
EndProject
Global
	GlobalSection(SolutionConfigurationPlatforms) = preSolution
		Debug|Any CPU = Debug|Any CPU
		Release|Any CPU = Release|Any CPU
	EndGlobalSection
	GlobalSection(ProjectConfigurationPlatforms) = postSolution
		{A7E415AE-DE1A-44B6-AA0E-E94EED832C36}.Debug|Any CPU.ActiveCfg = Debug|Any CPU
		{A7E415AE-DE1A-44B6-AA0E-E94EED832C36}.Debug|Any CPU.Build.0 = Debug|Any CPU
		{A7E415AE-DE1A-44B6-AA0E-E94EED832C36}.Release|Any CPU.ActiveCfg = Release|Any CPU
		{A7E415AE-DE1A-44B6-AA0E-E94EED832C36}.Release|Any CPU.Build.0 = Release|Any CPU
	EndGlobalSection
	GlobalSection(SolutionProperties) = preSolution
		HideSolutionNode = FALSE
	EndGlobalSection
	GlobalSection(ExtensibilityGlobals) = postSolution
		SolutionGuid = {DF36F87A-45FA-443B-A53E-C57A187639E6}
	EndGlobalSection
EndGlobal
